
Microsoft Visual Studio Solution File, Format Version 12.00
# Visual Studio 15
VisualStudioVersion = 15.0.28307.539
MinimumVisualStudioVersion = 10.0.40219.1
Project("{FAE04EC0-301F-11D3-BF4B-00C04F79EFBC}") = "MartCo.Web", "MartCo.Web\MartCo.Web.csproj", "{4BFC228B-D4BD-4258-B2F4-243D06CC3A62}"
EndProject
Project("{FAE04EC0-301F-11D3-BF4B-00C04F79EFBC}") = "MartCo.Entities", "MartCo.Entities\MartCo.Entities.csproj", "{335FF8F9-CDC9-4241-A406-24043D6E97D1}"
EndProject
Project("{FAE04EC0-301F-11D3-BF4B-00C04F79EFBC}") = "MartCo.Database", "MartCo.Database\MartCo.Database.csproj", "{B543016C-1D4E-4282-B5B0-5EB6C7623754}"
EndProject
Global
	GlobalSection(SolutionConfigurationPlatforms) = preSolution
		Debug|Any CPU = Debug|Any CPU
		Release|Any CPU = Release|Any CPU
	EndGlobalSection
	GlobalSection(ProjectConfigurationPlatforms) = postSolution
		{4BFC228B-D4BD-4258-B2F4-243D06CC3A62}.Debug|Any CPU.ActiveCfg = Debug|Any CPU
		{4BFC228B-D4BD-4258-B2F4-243D06CC3A62}.Debug|Any CPU.Build.0 = Debug|Any CPU
		{4BFC228B-D4BD-4258-B2F4-243D06CC3A62}.Release|Any CPU.ActiveCfg = Release|Any CPU
		{4BFC228B-D4BD-4258-B2F4-243D06CC3A62}.Release|Any CPU.Build.0 = Release|Any CPU
		{335FF8F9-CDC9-4241-A406-24043D6E97D1}.Debug|Any CPU.ActiveCfg = Debug|Any CPU
		{335FF8F9-CDC9-4241-A406-24043D6E97D1}.Debug|Any CPU.Build.0 = Debug|Any CPU
		{335FF8F9-CDC9-4241-A406-24043D6E97D1}.Release|Any CPU.ActiveCfg = Release|Any CPU
		{335FF8F9-CDC9-4241-A406-24043D6E97D1}.Release|Any CPU.Build.0 = Release|Any CPU
		{B543016C-1D4E-4282-B5B0-5EB6C7623754}.Debug|Any CPU.ActiveCfg = Debug|Any CPU
		{B543016C-1D4E-4282-B5B0-5EB6C7623754}.Debug|Any CPU.Build.0 = Debug|Any CPU
		{B543016C-1D4E-4282-B5B0-5EB6C7623754}.Release|Any CPU.ActiveCfg = Release|Any CPU
		{B543016C-1D4E-4282-B5B0-5EB6C7623754}.Release|Any CPU.Build.0 = Release|Any CPU
	EndGlobalSection
	GlobalSection(SolutionProperties) = preSolution
		HideSolutionNode = FALSE
	EndGlobalSection
	GlobalSection(ExtensibilityGlobals) = postSolution
		SolutionGuid = {76CC9F7D-73B4-474A-9C48-C56ED88A4083}
	EndGlobalSection
EndGlobal
